// !$*UTF8*$!
{
	archiveVersion = 1;
	classes = {
	};
	objectVersion = 46;
	objects = {

/* Begin PBXBuildFile section */
		BA1E07611F5B6C6600C0DD2C /* GoogleService-Info.plist in Resources */ = {isa = PBXBuildFile; fileRef = BA1E07601F5B6C6500C0DD2C /* GoogleService-Info.plist */; };
		BA1E07631F5B80A700C0DD2C /* PersistenceHandler.swift in Sources */ = {isa = PBXBuildFile; fileRef = BA1E07621F5B80A700C0DD2C /* PersistenceHandler.swift */; };
		BA241F381EDD6EF800B1F976 /* AppDelegate.swift in Sources */ = {isa = PBXBuildFile; fileRef = BA241F371EDD6EF800B1F976 /* AppDelegate.swift */; };
		BA241F3A1EDD6EF800B1F976 /* ViewController.swift in Sources */ = {isa = PBXBuildFile; fileRef = BA241F391EDD6EF800B1F976 /* ViewController.swift */; };
		BA241F3D1EDD6EF800B1F976 /* Main.storyboard in Resources */ = {isa = PBXBuildFile; fileRef = BA241F3B1EDD6EF800B1F976 /* Main.storyboard */; };
		BA241F3F1EDD6EF800B1F976 /* Assets.xcassets in Resources */ = {isa = PBXBuildFile; fileRef = BA241F3E1EDD6EF800B1F976 /* Assets.xcassets */; };
		BA241F421EDD6EF800B1F976 /* LaunchScreen.storyboard in Resources */ = {isa = PBXBuildFile; fileRef = BA241F401EDD6EF800B1F976 /* LaunchScreen.storyboard */; };
		BA241F5A1EDDCCD300B1F976 /* OpponentTableViewCell.swift in Sources */ = {isa = PBXBuildFile; fileRef = BA241F591EDDCCD300B1F976 /* OpponentTableViewCell.swift */; };
		BA241F601EE6BAAC00B1F976 /* Opponent.swift in Sources */ = {isa = PBXBuildFile; fileRef = BA241F5F1EE6BAAC00B1F976 /* Opponent.swift */; };
		BA241F661EE6C02E00B1F976 /* Session.swift in Sources */ = {isa = PBXBuildFile; fileRef = BA241F651EE6C02E00B1F976 /* Session.swift */; };
		BA612B8D1F6DF2E600F7350F /* viewModel.swift in Sources */ = {isa = PBXBuildFile; fileRef = BA612B8C1F6DF2E600F7350F /* viewModel.swift */; };
		BA8E52951EF44488003E60F0 /* TotalTableViewCell.swift in Sources */ = {isa = PBXBuildFile; fileRef = BA8E52941EF44488003E60F0 /* TotalTableViewCell.swift */; };
		BA8E52971EF6E666003E60F0 /* StatisticsViewController.swift in Sources */ = {isa = PBXBuildFile; fileRef = BA8E52961EF6E666003E60F0 /* StatisticsViewController.swift */; };
		BA8E52991EFD0F65003E60F0 /* TimeSettingTest.swift in Sources */ = {isa = PBXBuildFile; fileRef = BA8E52981EFD0F65003E60F0 /* TimeSettingTest.swift */; };
		BA8E529C1EFD0FE3003E60F0 /* TimeSettingHandler.swift in Sources */ = {isa = PBXBuildFile; fileRef = BA8E529B1EFD0FE3003E60F0 /* TimeSettingHandler.swift */; };
		BABA8C761F66CAF90049E56A /* State.swift in Sources */ = {isa = PBXBuildFile; fileRef = BABA8C751F66CAF90049E56A /* State.swift */; };
		BAD992461F681A3000626064 /* Observable.swift in Sources */ = {isa = PBXBuildFile; fileRef = BAD992451F681A3000626064 /* Observable.swift */; };
		BADDCE731EE740F10040DC6E /* AddSessionPopupViewController.swift in Sources */ = {isa = PBXBuildFile; fileRef = BADDCE721EE740F10040DC6E /* AddSessionPopupViewController.swift */; };
		BADDCE751EEB15040040DC6E /* AddOpponentViewController.swift in Sources */ = {isa = PBXBuildFile; fileRef = BADDCE741EEB15040040DC6E /* AddOpponentViewController.swift */; };
		DAF83167B3D6DE4C8D104737 /* Pods_GurschTrackerTests.framework in Frameworks */ = {isa = PBXBuildFile; fileRef = DA5BCB755395EAD13F3603A0 /* Pods_GurschTrackerTests.framework */; };
		FD9549E78F554EA303650228 /* Pods_GurschTracker.framework in Frameworks */ = {isa = PBXBuildFile; fileRef = C2BBA2C08199B5FD89BFF5BF /* Pods_GurschTracker.framework */; };
/* End PBXBuildFile section */

/* Begin PBXContainerItemProxy section */
		BA241F491EDD6EF900B1F976 /* PBXContainerItemProxy */ = {
			isa = PBXContainerItemProxy;
			containerPortal = BA241F2C1EDD6EF800B1F976 /* Project object */;
			proxyType = 1;
			remoteGlobalIDString = BA241F331EDD6EF800B1F976;
			remoteInfo = Gursch_v1;
		};
/* End PBXContainerItemProxy section */

/* Begin PBXFileReference section */
		2D9A45B866C716148EEAB1E2 /* Pods-GurschTrackerTests.debug.xcconfig */ = {isa = PBXFileReference; includeInIndex = 1; lastKnownFileType = text.xcconfig; name = "Pods-GurschTrackerTests.debug.xcconfig"; path = "Pods/Target Support Files/Pods-GurschTrackerTests/Pods-GurschTrackerTests.debug.xcconfig"; sourceTree = "<group>"; };
		629F790554D140744D879CBA /* Pods-GurschTrackerTests.release.xcconfig */ = {isa = PBXFileReference; includeInIndex = 1; lastKnownFileType = text.xcconfig; name = "Pods-GurschTrackerTests.release.xcconfig"; path = "Pods/Target Support Files/Pods-GurschTrackerTests/Pods-GurschTrackerTests.release.xcconfig"; sourceTree = "<group>"; };
		6D7949E6E898719099E23FD0 /* Pods-GurschTracker.release.xcconfig */ = {isa = PBXFileReference; includeInIndex = 1; lastKnownFileType = text.xcconfig; name = "Pods-GurschTracker.release.xcconfig"; path = "Pods/Target Support Files/Pods-GurschTracker/Pods-GurschTracker.release.xcconfig"; sourceTree = "<group>"; };
		978CE0E7BD98B77440F56A2F /* Pods-GurschTracker.debug.xcconfig */ = {isa = PBXFileReference; includeInIndex = 1; lastKnownFileType = text.xcconfig; name = "Pods-GurschTracker.debug.xcconfig"; path = "Pods/Target Support Files/Pods-GurschTracker/Pods-GurschTracker.debug.xcconfig"; sourceTree = "<group>"; };
		BA0874BF1F0B0738005C0EA6 /* GurschTracker.app */ = {isa = PBXFileReference; explicitFileType = wrapper.application; includeInIndex = 0; path = GurschTracker.app; sourceTree = BUILT_PRODUCTS_DIR; };
		BA0874C01F0B0738005C0EA6 /* GurschTrackerTests.xctest */ = {isa = PBXFileReference; explicitFileType = wrapper.cfbundle; includeInIndex = 0; path = GurschTrackerTests.xctest; sourceTree = BUILT_PRODUCTS_DIR; };
		BA0FB2DE1F6D7CE10018D12B /* RxSwiftPG.playground */ = {isa = PBXFileReference; lastKnownFileType = file.playground; path = RxSwiftPG.playground; sourceTree = "<group>"; };
		BA1E07601F5B6C6500C0DD2C /* GoogleService-Info.plist */ = {isa = PBXFileReference; fileEncoding = 4; lastKnownFileType = text.plist.xml; path = "GoogleService-Info.plist"; sourceTree = "<group>"; };
		BA1E07621F5B80A700C0DD2C /* PersistenceHandler.swift */ = {isa = PBXFileReference; fileEncoding = 4; lastKnownFileType = sourcecode.swift; path = PersistenceHandler.swift; sourceTree = "<group>"; };
		BA241F371EDD6EF800B1F976 /* AppDelegate.swift */ = {isa = PBXFileReference; lastKnownFileType = sourcecode.swift; path = AppDelegate.swift; sourceTree = "<group>"; };
		BA241F391EDD6EF800B1F976 /* ViewController.swift */ = {isa = PBXFileReference; lastKnownFileType = sourcecode.swift; path = ViewController.swift; sourceTree = "<group>"; };
		BA241F3C1EDD6EF800B1F976 /* Base */ = {isa = PBXFileReference; lastKnownFileType = file.storyboard; name = Base; path = Base.lproj/Main.storyboard; sourceTree = "<group>"; };
		BA241F3E1EDD6EF800B1F976 /* Assets.xcassets */ = {isa = PBXFileReference; lastKnownFileType = folder.assetcatalog; path = Assets.xcassets; sourceTree = "<group>"; };
		BA241F411EDD6EF800B1F976 /* Base */ = {isa = PBXFileReference; lastKnownFileType = file.storyboard; name = Base; path = Base.lproj/LaunchScreen.storyboard; sourceTree = "<group>"; };
		BA241F431EDD6EF800B1F976 /* Info.plist */ = {isa = PBXFileReference; lastKnownFileType = text.plist.xml; path = Info.plist; sourceTree = "<group>"; };
		BA241F4E1EDD6EF900B1F976 /* Info.plist */ = {isa = PBXFileReference; lastKnownFileType = text.plist.xml; path = Info.plist; sourceTree = "<group>"; };
		BA241F591EDDCCD300B1F976 /* OpponentTableViewCell.swift */ = {isa = PBXFileReference; fileEncoding = 4; lastKnownFileType = sourcecode.swift; path = OpponentTableViewCell.swift; sourceTree = "<group>"; };
		BA241F5F1EE6BAAC00B1F976 /* Opponent.swift */ = {isa = PBXFileReference; fileEncoding = 4; lastKnownFileType = sourcecode.swift; path = Opponent.swift; sourceTree = "<group>"; };
		BA241F651EE6C02E00B1F976 /* Session.swift */ = {isa = PBXFileReference; fileEncoding = 4; lastKnownFileType = sourcecode.swift; path = Session.swift; sourceTree = "<group>"; };
		BA612B8C1F6DF2E600F7350F /* viewModel.swift */ = {isa = PBXFileReference; fileEncoding = 4; lastKnownFileType = sourcecode.swift; path = viewModel.swift; sourceTree = "<group>"; };
		BA8E52941EF44488003E60F0 /* TotalTableViewCell.swift */ = {isa = PBXFileReference; fileEncoding = 4; lastKnownFileType = sourcecode.swift; path = TotalTableViewCell.swift; sourceTree = "<group>"; };
		BA8E52961EF6E666003E60F0 /* StatisticsViewController.swift */ = {isa = PBXFileReference; fileEncoding = 4; lastKnownFileType = sourcecode.swift; path = StatisticsViewController.swift; sourceTree = "<group>"; };
		BA8E52981EFD0F65003E60F0 /* TimeSettingTest.swift */ = {isa = PBXFileReference; fileEncoding = 4; lastKnownFileType = sourcecode.swift; path = TimeSettingTest.swift; sourceTree = "<group>"; };
		BA8E529B1EFD0FE3003E60F0 /* TimeSettingHandler.swift */ = {isa = PBXFileReference; fileEncoding = 4; lastKnownFileType = sourcecode.swift; path = TimeSettingHandler.swift; sourceTree = "<group>"; };
		BABA8C731F5DD1CB0049E56A /* DatePlayGround.playground */ = {isa = PBXFileReference; lastKnownFileType = file.playground; path = DatePlayGround.playground; sourceTree = "<group>"; };
		BABA8C751F66CAF90049E56A /* State.swift */ = {isa = PBXFileReference; fileEncoding = 4; lastKnownFileType = sourcecode.swift; path = State.swift; sourceTree = "<group>"; };
		BAD992451F681A3000626064 /* Observable.swift */ = {isa = PBXFileReference; fileEncoding = 4; lastKnownFileType = sourcecode.swift; path = Observable.swift; sourceTree = "<group>"; };
		BADDCE721EE740F10040DC6E /* AddSessionPopupViewController.swift */ = {isa = PBXFileReference; fileEncoding = 4; lastKnownFileType = sourcecode.swift; path = AddSessionPopupViewController.swift; sourceTree = "<group>"; };
		BADDCE741EEB15040040DC6E /* AddOpponentViewController.swift */ = {isa = PBXFileReference; fileEncoding = 4; lastKnownFileType = sourcecode.swift; name = AddOpponentViewController.swift; path = ../AddOpponentViewController.swift; sourceTree = "<group>"; };
		BAF10FC51F69D42A008F5EA0 /* referenceTypesGP.playground */ = {isa = PBXFileReference; lastKnownFileType = file.playground; path = referenceTypesGP.playground; sourceTree = "<group>"; };
		C2BBA2C08199B5FD89BFF5BF /* Pods_GurschTracker.framework */ = {isa = PBXFileReference; explicitFileType = wrapper.framework; includeInIndex = 0; path = Pods_GurschTracker.framework; sourceTree = BUILT_PRODUCTS_DIR; };
		DA5BCB755395EAD13F3603A0 /* Pods_GurschTrackerTests.framework */ = {isa = PBXFileReference; explicitFileType = wrapper.framework; includeInIndex = 0; path = Pods_GurschTrackerTests.framework; sourceTree = BUILT_PRODUCTS_DIR; };
/* End PBXFileReference section */

/* Begin PBXFrameworksBuildPhase section */
		BA241F311EDD6EF800B1F976 /* Frameworks */ = {
			isa = PBXFrameworksBuildPhase;
			buildActionMask = 2147483647;
			files = (
				FD9549E78F554EA303650228 /* Pods_GurschTracker.framework in Frameworks */,
			);
			runOnlyForDeploymentPostprocessing = 0;
		};
		BA241F451EDD6EF900B1F976 /* Frameworks */ = {
			isa = PBXFrameworksBuildPhase;
			buildActionMask = 2147483647;
			files = (
				DAF83167B3D6DE4C8D104737 /* Pods_GurschTrackerTests.framework in Frameworks */,
			);
			runOnlyForDeploymentPostprocessing = 0;
		};
/* End PBXFrameworksBuildPhase section */

/* Begin PBXGroup section */
		5C3C2A5D929A0980B334888F /* Frameworks */ = {
			isa = PBXGroup;
			children = (
				C2BBA2C08199B5FD89BFF5BF /* Pods_GurschTracker.framework */,
				DA5BCB755395EAD13F3603A0 /* Pods_GurschTrackerTests.framework */,
			);
			name = Frameworks;
			sourceTree = "<group>";
		};
		7CC2F8ED76FDB899A3BE5484 /* Pods */ = {
			isa = PBXGroup;
			children = (
				978CE0E7BD98B77440F56A2F /* Pods-GurschTracker.debug.xcconfig */,
				6D7949E6E898719099E23FD0 /* Pods-GurschTracker.release.xcconfig */,
				2D9A45B866C716148EEAB1E2 /* Pods-GurschTrackerTests.debug.xcconfig */,
				629F790554D140744D879CBA /* Pods-GurschTrackerTests.release.xcconfig */,
			);
			name = Pods;
			sourceTree = "<group>";
		};
		BA241F2B1EDD6EF800B1F976 = {
			isa = PBXGroup;
			children = (
				BA241F361EDD6EF800B1F976 /* GurschTracker */,
				BA241F4B1EDD6EF900B1F976 /* GurschTrackerTests */,
				BA0874BF1F0B0738005C0EA6 /* GurschTracker.app */,
				BA0874C01F0B0738005C0EA6 /* GurschTrackerTests.xctest */,
				7CC2F8ED76FDB899A3BE5484 /* Pods */,
				5C3C2A5D929A0980B334888F /* Frameworks */,
			);
			sourceTree = "<group>";
		};
		BA241F361EDD6EF800B1F976 /* GurschTracker */ = {
			isa = PBXGroup;
			children = (
				BA241F371EDD6EF800B1F976 /* AppDelegate.swift */,
				BA612B8B1F6DF26F00F7350F /* viewModels */,
				BA612B881F6DF16B00F7350F /* viewControllers */,
				BA612B871F6DF13B00F7350F /* cells */,
				BAD992441F6819B900626064 /* utils */,
				BA8E529A1EFD0FC9003E60F0 /* services */,
				BA241F641EE6BFCF00B1F976 /* model */,
				BA612B8A1F6DF1E300F7350F /* playgrounds */,
				BA241F3B1EDD6EF800B1F976 /* Main.storyboard */,
				BA241F401EDD6EF800B1F976 /* LaunchScreen.storyboard */,
				BA241F3E1EDD6EF800B1F976 /* Assets.xcassets */,
				BA1E07601F5B6C6500C0DD2C /* GoogleService-Info.plist */,
				BA241F431EDD6EF800B1F976 /* Info.plist */,
			);
			path = GurschTracker;
			sourceTree = "<group>";
		};
		BA241F4B1EDD6EF900B1F976 /* GurschTrackerTests */ = {
			isa = PBXGroup;
			children = (
				BA8E52981EFD0F65003E60F0 /* TimeSettingTest.swift */,
				BA241F4E1EDD6EF900B1F976 /* Info.plist */,
			);
			path = GurschTrackerTests;
			sourceTree = "<group>";
		};
		BA241F641EE6BFCF00B1F976 /* model */ = {
			isa = PBXGroup;
			children = (
				BA241F5F1EE6BAAC00B1F976 /* Opponent.swift */,
				BABA8C751F66CAF90049E56A /* State.swift */,
				BA241F651EE6C02E00B1F976 /* Session.swift */,
			);
			name = model;
			sourceTree = "<group>";
		};
		BA612B871F6DF13B00F7350F /* cells */ = {
			isa = PBXGroup;
			children = (
				BA241F591EDDCCD300B1F976 /* OpponentTableViewCell.swift */,
				BA8E52941EF44488003E60F0 /* TotalTableViewCell.swift */,
			);
			name = cells;
			sourceTree = "<group>";
		};
		BA612B881F6DF16B00F7350F /* viewControllers */ = {
			isa = PBXGroup;
			children = (
				BADDCE741EEB15040040DC6E /* AddOpponentViewController.swift */,
				BA241F391EDD6EF800B1F976 /* ViewController.swift */,
				BA8E52961EF6E666003E60F0 /* StatisticsViewController.swift */,
				BADDCE721EE740F10040DC6E /* AddSessionPopupViewController.swift */,
			);
			name = viewControllers;
			sourceTree = "<group>";
		};
		BA612B8A1F6DF1E300F7350F /* playgrounds */ = {
			isa = PBXGroup;
			children = (
				BA0FB2DE1F6D7CE10018D12B /* RxSwiftPG.playground */,
				BABA8C731F5DD1CB0049E56A /* DatePlayGround.playground */,
				BAF10FC51F69D42A008F5EA0 /* referenceTypesGP.playground */,
			);
			name = playgrounds;
			sourceTree = "<group>";
		};
		BA612B8B1F6DF26F00F7350F /* viewModels */ = {
			isa = PBXGroup;
			children = (
				BA612B8C1F6DF2E600F7350F /* viewModel.swift */,
			);
			name = viewModels;
			sourceTree = "<group>";
		};
		BA8E529A1EFD0FC9003E60F0 /* services */ = {
			isa = PBXGroup;
			children = (
				BA8E529B1EFD0FE3003E60F0 /* TimeSettingHandler.swift */,
				BA1E07621F5B80A700C0DD2C /* PersistenceHandler.swift */,
			);
			name = services;
			sourceTree = "<group>";
		};
		BAD992441F6819B900626064 /* utils */ = {
			isa = PBXGroup;
			children = (
				BAD992451F681A3000626064 /* Observable.swift */,
			);
			name = utils;
			sourceTree = "<group>";
		};
/* End PBXGroup section */

/* Begin PBXNativeTarget section */
		BA241F331EDD6EF800B1F976 /* GurschTracker */ = {
			isa = PBXNativeTarget;
			buildConfigurationList = BA241F511EDD6EF900B1F976 /* Build configuration list for PBXNativeTarget "GurschTracker" */;
			buildPhases = (
				B7E285D736B6D2BF64640536 /* [CP] Check Pods Manifest.lock */,
				BA241F301EDD6EF800B1F976 /* Sources */,
				BA241F311EDD6EF800B1F976 /* Frameworks */,
				BA241F321EDD6EF800B1F976 /* Resources */,
				392778B6CCCADBB95639B6F9 /* [CP] Embed Pods Frameworks */,
				6EA8B5D39CA55B6E7725BACC /* [CP] Copy Pods Resources */,
			);
			buildRules = (
			);
			dependencies = (
			);
			name = GurschTracker;
			productName = Gursch_v1;
			productReference = BA0874BF1F0B0738005C0EA6 /* GurschTracker.app */;
			productType = "com.apple.product-type.application";
		};
		BA241F471EDD6EF900B1F976 /* GurschTrackerTests */ = {
			isa = PBXNativeTarget;
			buildConfigurationList = BA241F541EDD6EF900B1F976 /* Build configuration list for PBXNativeTarget "GurschTrackerTests" */;
			buildPhases = (
				91D415EA9190BCEB462BC27E /* [CP] Check Pods Manifest.lock */,
				BA241F441EDD6EF900B1F976 /* Sources */,
				BA241F451EDD6EF900B1F976 /* Frameworks */,
				BA241F461EDD6EF900B1F976 /* Resources */,
				5DEEA2CC8BEA806733520209 /* [CP] Embed Pods Frameworks */,
				58234B62F669A7AD93D5760C /* [CP] Copy Pods Resources */,
			);
			buildRules = (
			);
			dependencies = (
				BA241F4A1EDD6EF900B1F976 /* PBXTargetDependency */,
			);
			name = GurschTrackerTests;
			productName = Gursch_v1Tests;
			productReference = BA0874C01F0B0738005C0EA6 /* GurschTrackerTests.xctest */;
			productType = "com.apple.product-type.bundle.unit-test";
		};
/* End PBXNativeTarget section */

/* Begin PBXProject section */
		BA241F2C1EDD6EF800B1F976 /* Project object */ = {
			isa = PBXProject;
			attributes = {
				LastSwiftUpdateCheck = 0830;
				LastUpgradeCheck = 0830;
				ORGANIZATIONNAME = "Anton Hägermalm";
				TargetAttributes = {
					BA241F331EDD6EF800B1F976 = {
						CreatedOnToolsVersion = 8.3.2;
						DevelopmentTeam = MYNT542AVL;
						ProvisioningStyle = Automatic;
					};
					BA241F471EDD6EF900B1F976 = {
						CreatedOnToolsVersion = 8.3.2;
						DevelopmentTeam = MYNT542AVL;
						ProvisioningStyle = Automatic;
						TestTargetID = BA241F331EDD6EF800B1F976;
					};
				};
			};
			buildConfigurationList = BA241F2F1EDD6EF800B1F976 /* Build configuration list for PBXProject "GurschTracker" */;
			compatibilityVersion = "Xcode 3.2";
			developmentRegion = English;
			hasScannedForEncodings = 0;
			knownRegions = (
				en,
				Base,
			);
			mainGroup = BA241F2B1EDD6EF800B1F976;
			productRefGroup = BA241F2B1EDD6EF800B1F976;
			projectDirPath = "";
			projectRoot = "";
			targets = (
				BA241F331EDD6EF800B1F976 /* GurschTracker */,
				BA241F471EDD6EF900B1F976 /* GurschTrackerTests */,
			);
		};
/* End PBXProject section */

/* Begin PBXResourcesBuildPhase section */
		BA241F321EDD6EF800B1F976 /* Resources */ = {
			isa = PBXResourcesBuildPhase;
			buildActionMask = 2147483647;
			files = (
				BA241F421EDD6EF800B1F976 /* LaunchScreen.storyboard in Resources */,
				BA1E07611F5B6C6600C0DD2C /* GoogleService-Info.plist in Resources */,
				BA241F3F1EDD6EF800B1F976 /* Assets.xcassets in Resources */,
				BA241F3D1EDD6EF800B1F976 /* Main.storyboard in Resources */,
			);
			runOnlyForDeploymentPostprocessing = 0;
		};
		BA241F461EDD6EF900B1F976 /* Resources */ = {
			isa = PBXResourcesBuildPhase;
			buildActionMask = 2147483647;
			files = (
			);
			runOnlyForDeploymentPostprocessing = 0;
		};
/* End PBXResourcesBuildPhase section */

/* Begin PBXShellScriptBuildPhase section */
		392778B6CCCADBB95639B6F9 /* [CP] Embed Pods Frameworks */ = {
			isa = PBXShellScriptBuildPhase;
			buildActionMask = 2147483647;
			files = (
			);
			inputPaths = (
				"${SRCROOT}/Pods/Target Support Files/Pods-GurschTracker/Pods-GurschTracker-frameworks.sh",
				"${BUILT_PRODUCTS_DIR}/GTMSessionFetcher/GTMSessionFetcher.framework",
				"${BUILT_PRODUCTS_DIR}/GoogleToolboxForMac/GoogleToolboxForMac.framework",
				"${BUILT_PRODUCTS_DIR}/RxCocoa/RxCocoa.framework",
				"${BUILT_PRODUCTS_DIR}/RxSwift/RxSwift.framework",
				"${BUILT_PRODUCTS_DIR}/leveldb-library/leveldb.framework",
				"${BUILT_PRODUCTS_DIR}/nanopb/nanopb.framework",
			);
			name = "[CP] Embed Pods Frameworks";
			outputPaths = (
				"${TARGET_BUILD_DIR}/${FRAMEWORKS_FOLDER_PATH}/GTMSessionFetcher.framework",
				"${TARGET_BUILD_DIR}/${FRAMEWORKS_FOLDER_PATH}/GoogleToolboxForMac.framework",
				"${TARGET_BUILD_DIR}/${FRAMEWORKS_FOLDER_PATH}/RxCocoa.framework",
				"${TARGET_BUILD_DIR}/${FRAMEWORKS_FOLDER_PATH}/RxSwift.framework",
				"${TARGET_BUILD_DIR}/${FRAMEWORKS_FOLDER_PATH}/leveldb.framework",
				"${TARGET_BUILD_DIR}/${FRAMEWORKS_FOLDER_PATH}/nanopb.framework",
			);
			runOnlyForDeploymentPostprocessing = 0;
			shellPath = /bin/sh;
			shellScript = "\"${SRCROOT}/Pods/Target Support Files/Pods-GurschTracker/Pods-GurschTracker-frameworks.sh\"\n";
			showEnvVarsInLog = 0;
		};
		58234B62F669A7AD93D5760C /* [CP] Copy Pods Resources */ = {
			isa = PBXShellScriptBuildPhase;
			buildActionMask = 2147483647;
			files = (
			);
			inputPaths = (
			);
			name = "[CP] Copy Pods Resources";
			outputPaths = (
			);
			runOnlyForDeploymentPostprocessing = 0;
			shellPath = /bin/sh;
			shellScript = "\"${SRCROOT}/Pods/Target Support Files/Pods-GurschTrackerTests/Pods-GurschTrackerTests-resources.sh\"\n";
			showEnvVarsInLog = 0;
		};
		5DEEA2CC8BEA806733520209 /* [CP] Embed Pods Frameworks */ = {
			isa = PBXShellScriptBuildPhase;
			buildActionMask = 2147483647;
			files = (
			);
			inputPaths = (
				"${SRCROOT}/Pods/Target Support Files/Pods-GurschTrackerTests/Pods-GurschTrackerTests-frameworks.sh",
				"${BUILT_PRODUCTS_DIR}/RxSwift/RxSwift.framework",
				"${BUILT_PRODUCTS_DIR}/RxBlocking/RxBlocking.framework",
				"${BUILT_PRODUCTS_DIR}/RxTest/RxTest.framework",
			);
			name = "[CP] Embed Pods Frameworks";
			outputPaths = (
				"${TARGET_BUILD_DIR}/${FRAMEWORKS_FOLDER_PATH}/RxSwift.framework",
				"${TARGET_BUILD_DIR}/${FRAMEWORKS_FOLDER_PATH}/RxBlocking.framework",
				"${TARGET_BUILD_DIR}/${FRAMEWORKS_FOLDER_PATH}/RxTest.framework",
			);
			runOnlyForDeploymentPostprocessing = 0;
			shellPath = /bin/sh;
			shellScript = "\"${SRCROOT}/Pods/Target Support Files/Pods-GurschTrackerTests/Pods-GurschTrackerTests-frameworks.sh\"\n";
			showEnvVarsInLog = 0;
		};
		6EA8B5D39CA55B6E7725BACC /* [CP] Copy Pods Resources */ = {
			isa = PBXShellScriptBuildPhase;
			buildActionMask = 2147483647;
			files = (
			);
			inputPaths = (
			);
			name = "[CP] Copy Pods Resources";
			outputPaths = (
			);
			runOnlyForDeploymentPostprocessing = 0;
			shellPath = /bin/sh;
			shellScript = "\"${SRCROOT}/Pods/Target Support Files/Pods-GurschTracker/Pods-GurschTracker-resources.sh\"\n";
			showEnvVarsInLog = 0;
		};
		91D415EA9190BCEB462BC27E /* [CP] Check Pods Manifest.lock */ = {
			isa = PBXShellScriptBuildPhase;
			buildActionMask = 2147483647;
			files = (
			);
			inputPaths = (
				"${PODS_PODFILE_DIR_PATH}/Podfile.lock",
				"${PODS_ROOT}/Manifest.lock",
			);
			name = "[CP] Check Pods Manifest.lock";
			outputPaths = (
				"$(DERIVED_FILE_DIR)/Pods-GurschTrackerTests-checkManifestLockResult.txt",
			);
			runOnlyForDeploymentPostprocessing = 0;
			shellPath = /bin/sh;
			shellScript = "diff \"${PODS_PODFILE_DIR_PATH}/Podfile.lock\" \"${PODS_ROOT}/Manifest.lock\" > /dev/null\nif [ $? != 0 ] ; then\n    # print error to STDERR\n    echo \"error: The sandbox is not in sync with the Podfile.lock. Run 'pod install' or update your CocoaPods installation.\" >&2\n    exit 1\nfi\n# This output is used by Xcode 'outputs' to avoid re-running this script phase.\necho \"SUCCESS\" > \"${SCRIPT_OUTPUT_FILE_0}\"\n";
			showEnvVarsInLog = 0;
		};
		B7E285D736B6D2BF64640536 /* [CP] Check Pods Manifest.lock */ = {
			isa = PBXShellScriptBuildPhase;
			buildActionMask = 2147483647;
			files = (
			);
			inputPaths = (
				"${PODS_PODFILE_DIR_PATH}/Podfile.lock",
				"${PODS_ROOT}/Manifest.lock",
			);
			name = "[CP] Check Pods Manifest.lock";
			outputPaths = (
				"$(DERIVED_FILE_DIR)/Pods-GurschTracker-checkManifestLockResult.txt",
			);
			runOnlyForDeploymentPostprocessing = 0;
			shellPath = /bin/sh;
			shellScript = "diff \"${PODS_PODFILE_DIR_PATH}/Podfile.lock\" \"${PODS_ROOT}/Manifest.lock\" > /dev/null\nif [ $? != 0 ] ; then\n    # print error to STDERR\n    echo \"error: The sandbox is not in sync with the Podfile.lock. Run 'pod install' or update your CocoaPods installation.\" >&2\n    exit 1\nfi\n# This output is used by Xcode 'outputs' to avoid re-running this script phase.\necho \"SUCCESS\" > \"${SCRIPT_OUTPUT_FILE_0}\"\n";
			showEnvVarsInLog = 0;
		};
/* End PBXShellScriptBuildPhase section */

/* Begin PBXSourcesBuildPhase section */
		BA241F301EDD6EF800B1F976 /* Sources */ = {
			isa = PBXSourcesBuildPhase;
			buildActionMask = 2147483647;
			files = (
				BAD992461F681A3000626064 /* Observable.swift in Sources */,
				BA241F5A1EDDCCD300B1F976 /* OpponentTableViewCell.swift in Sources */,
				BA8E52971EF6E666003E60F0 /* StatisticsViewController.swift in Sources */,
				BA241F601EE6BAAC00B1F976 /* Opponent.swift in Sources */,
				BA241F661EE6C02E00B1F976 /* Session.swift in Sources */,
				BA241F3A1EDD6EF800B1F976 /* ViewController.swift in Sources */,
				BA8E52951EF44488003E60F0 /* TotalTableViewCell.swift in Sources */,
				BADDCE751EEB15040040DC6E /* AddOpponentViewController.swift in Sources */,
				BADDCE731EE740F10040DC6E /* AddSessionPopupViewController.swift in Sources */,
				BA1E07631F5B80A700C0DD2C /* PersistenceHandler.swift in Sources */,
				BA8E529C1EFD0FE3003E60F0 /* TimeSettingHandler.swift in Sources */,
				BA241F381EDD6EF800B1F976 /* AppDelegate.swift in Sources */,
				BA612B8D1F6DF2E600F7350F /* viewModel.swift in Sources */,
				BABA8C761F66CAF90049E56A /* State.swift in Sources */,
			);
			runOnlyForDeploymentPostprocessing = 0;
		};
		BA241F441EDD6EF900B1F976 /* Sources */ = {
			isa = PBXSourcesBuildPhase;
			buildActionMask = 2147483647;
			files = (
				BA8E52991EFD0F65003E60F0 /* TimeSettingTest.swift in Sources */,
			);
			runOnlyForDeploymentPostprocessing = 0;
		};
/* End PBXSourcesBuildPhase section */

/* Begin PBXTargetDependency section */
		BA241F4A1EDD6EF900B1F976 /* PBXTargetDependency */ = {
			isa = PBXTargetDependency;
			target = BA241F331EDD6EF800B1F976 /* GurschTracker */;
			targetProxy = BA241F491EDD6EF900B1F976 /* PBXContainerItemProxy */;
		};
/* End PBXTargetDependency section */

/* Begin PBXVariantGroup section */
		BA241F3B1EDD6EF800B1F976 /* Main.storyboard */ = {
			isa = PBXVariantGroup;
			children = (
				BA241F3C1EDD6EF800B1F976 /* Base */,
			);
			name = Main.storyboard;
			sourceTree = "<group>";
		};
		BA241F401EDD6EF800B1F976 /* LaunchScreen.storyboard */ = {
			isa = PBXVariantGroup;
			children = (
				BA241F411EDD6EF800B1F976 /* Base */,
			);
			name = LaunchScreen.storyboard;
			sourceTree = "<group>";
		};
/* End PBXVariantGroup section */

/* Begin XCBuildConfiguration section */
		BA241F4F1EDD6EF900B1F976 /* Debug */ = {
			isa = XCBuildConfiguration;
			buildSettings = {
				ALWAYS_SEARCH_USER_PATHS = NO;
				CLANG_ANALYZER_NONNULL = YES;
				CLANG_ANALYZER_NUMBER_OBJECT_CONVERSION = YES_AGGRESSIVE;
				CLANG_CXX_LANGUAGE_STANDARD = "gnu++0x";
				CLANG_CXX_LIBRARY = "libc++";
				CLANG_ENABLE_MODULES = YES;
				CLANG_ENABLE_OBJC_ARC = YES;
				CLANG_WARN_BOOL_CONVERSION = YES;
				CLANG_WARN_CONSTANT_CONVERSION = YES;
				CLANG_WARN_DIRECT_OBJC_ISA_USAGE = YES_ERROR;
				CLANG_WARN_DOCUMENTATION_COMMENTS = YES;
				CLANG_WARN_EMPTY_BODY = YES;
				CLANG_WARN_ENUM_CONVERSION = YES;
				CLANG_WARN_INFINITE_RECURSION = YES;
				CLANG_WARN_INT_CONVERSION = YES;
				CLANG_WARN_OBJC_ROOT_CLASS = YES_ERROR;
				CLANG_WARN_SUSPICIOUS_MOVE = YES;
				CLANG_WARN_UNREACHABLE_CODE = YES;
				CLANG_WARN__DUPLICATE_METHOD_MATCH = YES;
				"CODE_SIGN_IDENTITY[sdk=iphoneos*]" = "iPhone Developer";
				COPY_PHASE_STRIP = NO;
				DEBUG_INFORMATION_FORMAT = dwarf;
				ENABLE_STRICT_OBJC_MSGSEND = YES;
				ENABLE_TESTABILITY = YES;
				GCC_C_LANGUAGE_STANDARD = gnu99;
				GCC_DYNAMIC_NO_PIC = NO;
				GCC_NO_COMMON_BLOCKS = YES;
				GCC_OPTIMIZATION_LEVEL = 0;
				GCC_PREPROCESSOR_DEFINITIONS = (
					"DEBUG=1",
					"$(inherited)",
				);
				GCC_WARN_64_TO_32_BIT_CONVERSION = YES;
				GCC_WARN_ABOUT_RETURN_TYPE = YES_ERROR;
				GCC_WARN_UNDECLARED_SELECTOR = YES;
				GCC_WARN_UNINITIALIZED_AUTOS = YES_AGGRESSIVE;
				GCC_WARN_UNUSED_FUNCTION = YES;
				GCC_WARN_UNUSED_VARIABLE = YES;
				IPHONEOS_DEPLOYMENT_TARGET = 10.3;
				MTL_ENABLE_DEBUG_INFO = YES;
				ONLY_ACTIVE_ARCH = YES;
				SDKROOT = iphoneos;
				SWIFT_ACTIVE_COMPILATION_CONDITIONS = DEBUG;
				SWIFT_OPTIMIZATION_LEVEL = "-Onone";
				TARGETED_DEVICE_FAMILY = "1,2";
			};
			name = Debug;
		};
		BA241F501EDD6EF900B1F976 /* Release */ = {
			isa = XCBuildConfiguration;
			buildSettings = {
				ALWAYS_SEARCH_USER_PATHS = NO;
				CLANG_ANALYZER_NONNULL = YES;
				CLANG_ANALYZER_NUMBER_OBJECT_CONVERSION = YES_AGGRESSIVE;
				CLANG_CXX_LANGUAGE_STANDARD = "gnu++0x";
				CLANG_CXX_LIBRARY = "libc++";
				CLANG_ENABLE_MODULES = YES;
				CLANG_ENABLE_OBJC_ARC = YES;
				CLANG_WARN_BOOL_CONVERSION = YES;
				CLANG_WARN_CONSTANT_CONVERSION = YES;
				CLANG_WARN_DIRECT_OBJC_ISA_USAGE = YES_ERROR;
				CLANG_WARN_DOCUMENTATION_COMMENTS = YES;
				CLANG_WARN_EMPTY_BODY = YES;
				CLANG_WARN_ENUM_CONVERSION = YES;
				CLANG_WARN_INFINITE_RECURSION = YES;
				CLANG_WARN_INT_CONVERSION = YES;
				CLANG_WARN_OBJC_ROOT_CLASS = YES_ERROR;
				CLANG_WARN_SUSPICIOUS_MOVE = YES;
				CLANG_WARN_UNREACHABLE_CODE = YES;
				CLANG_WARN__DUPLICATE_METHOD_MATCH = YES;
				"CODE_SIGN_IDENTITY[sdk=iphoneos*]" = "iPhone Developer";
				COPY_PHASE_STRIP = NO;
				DEBUG_INFORMATION_FORMAT = "dwarf-with-dsym";
				ENABLE_NS_ASSERTIONS = NO;
				ENABLE_STRICT_OBJC_MSGSEND = YES;
				GCC_C_LANGUAGE_STANDARD = gnu99;
				GCC_NO_COMMON_BLOCKS = YES;
				GCC_WARN_64_TO_32_BIT_CONVERSION = YES;
				GCC_WARN_ABOUT_RETURN_TYPE = YES_ERROR;
				GCC_WARN_UNDECLARED_SELECTOR = YES;
				GCC_WARN_UNINITIALIZED_AUTOS = YES_AGGRESSIVE;
				GCC_WARN_UNUSED_FUNCTION = YES;
				GCC_WARN_UNUSED_VARIABLE = YES;
				IPHONEOS_DEPLOYMENT_TARGET = 10.3;
				MTL_ENABLE_DEBUG_INFO = NO;
				SDKROOT = iphoneos;
				SWIFT_OPTIMIZATION_LEVEL = "-Owholemodule";
				TARGETED_DEVICE_FAMILY = "1,2";
				VALIDATE_PRODUCT = YES;
			};
			name = Release;
		};
		BA241F521EDD6EF900B1F976 /* Debug */ = {
			isa = XCBuildConfiguration;
			baseConfigurationReference = 978CE0E7BD98B77440F56A2F /* Pods-GurschTracker.debug.xcconfig */;
			buildSettings = {
				ASSETCATALOG_COMPILER_APPICON_NAME = AppIcon;
				DEVELOPMENT_TEAM = MYNT542AVL;
				INFOPLIST_FILE = GurschTracker/Info.plist;
				LD_RUNPATH_SEARCH_PATHS = "$(inherited) @executable_path/Frameworks";
				PRODUCT_BUNDLE_IDENTIFIER = HagermalmProductions.GurschTracker;
				PRODUCT_NAME = "$(TARGET_NAME)";
				SWIFT_VERSION = 3.0;
			};
			name = Debug;
		};
		BA241F531EDD6EF900B1F976 /* Release */ = {
			isa = XCBuildConfiguration;
			baseConfigurationReference = 6D7949E6E898719099E23FD0 /* Pods-GurschTracker.release.xcconfig */;
			buildSettings = {
				ASSETCATALOG_COMPILER_APPICON_NAME = AppIcon;
				DEVELOPMENT_TEAM = MYNT542AVL;
				INFOPLIST_FILE = GurschTracker/Info.plist;
				LD_RUNPATH_SEARCH_PATHS = "$(inherited) @executable_path/Frameworks";
				PRODUCT_BUNDLE_IDENTIFIER = HagermalmProductions.GurschTracker;
				PRODUCT_NAME = "$(TARGET_NAME)";
				SWIFT_VERSION = 3.0;
			};
			name = Release;
		};
		BA241F551EDD6EF900B1F976 /* Debug */ = {
			isa = XCBuildConfiguration;
			baseConfigurationReference = 2D9A45B866C716148EEAB1E2 /* Pods-GurschTrackerTests.debug.xcconfig */;
			buildSettings = {
				ALWAYS_EMBED_SWIFT_STANDARD_LIBRARIES = YES;
				BUNDLE_LOADER = "$(TEST_HOST)";
				DEVELOPMENT_TEAM = MYNT542AVL;
				INFOPLIST_FILE = GurschTrackerTests/Info.plist;
				LD_RUNPATH_SEARCH_PATHS = "$(inherited) @executable_path/Frameworks @loader_path/Frameworks";
				PRODUCT_BUNDLE_IDENTIFIER = HagermalmProductions.GurschTrackerTests;
				PRODUCT_NAME = "$(TARGET_NAME)";
				SWIFT_VERSION = 3.0;
				TEST_HOST = "$(BUILT_PRODUCTS_DIR)/GurschTracker.app/GurschTracker";
			};
			name = Debug;
		};
		BA241F561EDD6EF900B1F976 /* Release */ = {
			isa = XCBuildConfiguration;
			baseConfigurationReference = 629F790554D140744D879CBA /* Pods-GurschTrackerTests.release.xcconfig */;
			buildSettings = {
				ALWAYS_EMBED_SWIFT_STANDARD_LIBRARIES = YES;
				BUNDLE_LOADER = "$(TEST_HOST)";
				DEVELOPMENT_TEAM = MYNT542AVL;
				INFOPLIST_FILE = GurschTrackerTests/Info.plist;
				LD_RUNPATH_SEARCH_PATHS = "$(inherited) @executable_path/Frameworks @loader_path/Frameworks";
				PRODUCT_BUNDLE_IDENTIFIER = HagermalmProductions.GurschTrackerTests;
				PRODUCT_NAME = "$(TARGET_NAME)";
				SWIFT_VERSION = 3.0;
				TEST_HOST = "$(BUILT_PRODUCTS_DIR)/GurschTracker.app/GurschTracker";
			};
			name = Release;
		};
/* End XCBuildConfiguration section */

/* Begin XCConfigurationList section */
		BA241F2F1EDD6EF800B1F976 /* Build configuration list for PBXProject "GurschTracker" */ = {
			isa = XCConfigurationList;
			buildConfigurations = (
				BA241F4F1EDD6EF900B1F976 /* Debug */,
				BA241F501EDD6EF900B1F976 /* Release */,
			);
			defaultConfigurationIsVisible = 0;
			defaultConfigurationName = Release;
		};
		BA241F511EDD6EF900B1F976 /* Build configuration list for PBXNativeTarget "GurschTracker" */ = {
			isa = XCConfigurationList;
			buildConfigurations = (
				BA241F521EDD6EF900B1F976 /* Debug */,
				BA241F531EDD6EF900B1F976 /* Release */,
			);
			defaultConfigurationIsVisible = 0;
			defaultConfigurationName = Release;
		};
		BA241F541EDD6EF900B1F976 /* Build configuration list for PBXNativeTarget "GurschTrackerTests" */ = {
			isa = XCConfigurationList;
			buildConfigurations = (
				BA241F551EDD6EF900B1F976 /* Debug */,
				BA241F561EDD6EF900B1F976 /* Release */,
			);
			defaultConfigurationIsVisible = 0;
			defaultConfigurationName = Release;
		};
/* End XCConfigurationList section */
	};
	rootObject = BA241F2C1EDD6EF800B1F976 /* Project object */;
}
